
Microsoft Visual Studio Solution File, Format Version 12.00
# Visual Studio Version 17
VisualStudioVersion = 17.13.35806.99 d17.13
MinimumVisualStudioVersion = 10.0.40219.1
Project("{FAE04EC0-301F-11D3-BF4B-00C04F79EFBC}") = "Baitaptailop1", "Baitaptailop1.csproj", "{F548C104-C672-4EFF-9AA8-7A02F1B7EDA7}"
EndProject
Global
	GlobalSection(SolutionConfigurationPlatforms) = preSolution
		Debug|Any CPU = Debug|Any CPU
		Release|Any CPU = Release|Any CPU
	EndGlobalSection
	GlobalSection(ProjectConfigurationPlatforms) = postSolution
		{F548C104-C672-4EFF-9AA8-7A02F1B7EDA7}.Debug|Any CPU.ActiveCfg = Debug|Any CPU
		{F548C104-C672-4EFF-9AA8-7A02F1B7EDA7}.Debug|Any CPU.Build.0 = Debug|Any CPU
		{F548C104-C672-4EFF-9AA8-7A02F1B7EDA7}.Release|Any CPU.ActiveCfg = Release|Any CPU
		{F548C104-C672-4EFF-9AA8-7A02F1B7EDA7}.Release|Any CPU.Build.0 = Release|Any CPU
	EndGlobalSection
	GlobalSection(SolutionProperties) = preSolution
		HideSolutionNode = FALSE
	EndGlobalSection
	GlobalSection(ExtensibilityGlobals) = postSolution
		SolutionGuid = {ABE37AFB-2ED3-4EF4-BD2A-095DEFE78AE3}
	EndGlobalSection
EndGlobal
