
Microsoft Visual Studio Solution File, Format Version 12.00
# Visual Studio Version 17
VisualStudioVersion = 17.13.35806.99 d17.13
MinimumVisualStudioVersion = 10.0.40219.1
Project("{FAE04EC0-301F-11D3-BF4B-00C04F79EFBC}") = "Bai1_chuong7", "Bai1_chuong7.csproj", "{59132D37-C01D-4FDB-BE1A-A2E4C9EA06DA}"
EndProject
Global
	GlobalSection(SolutionConfigurationPlatforms) = preSolution
		Debug|Any CPU = Debug|Any CPU
		Release|Any CPU = Release|Any CPU
	EndGlobalSection
	GlobalSection(ProjectConfigurationPlatforms) = postSolution
		{59132D37-C01D-4FDB-BE1A-A2E4C9EA06DA}.Debug|Any CPU.ActiveCfg = Debug|Any CPU
		{59132D37-C01D-4FDB-BE1A-A2E4C9EA06DA}.Debug|Any CPU.Build.0 = Debug|Any CPU
		{59132D37-C01D-4FDB-BE1A-A2E4C9EA06DA}.Release|Any CPU.ActiveCfg = Release|Any CPU
		{59132D37-C01D-4FDB-BE1A-A2E4C9EA06DA}.Release|Any CPU.Build.0 = Release|Any CPU
	EndGlobalSection
	GlobalSection(SolutionProperties) = preSolution
		HideSolutionNode = FALSE
	EndGlobalSection
	GlobalSection(ExtensibilityGlobals) = postSolution
		SolutionGuid = {B2DF4DBD-9BFE-4617-A431-06A89B07E943}
	EndGlobalSection
EndGlobal
