
Microsoft Visual Studio Solution File, Format Version 12.00
# Visual Studio Version 17
VisualStudioVersion = 17.13.35806.99 d17.13
MinimumVisualStudioVersion = 10.0.40219.1
Project("{FAE04EC0-301F-11D3-BF4B-00C04F79EFBC}") = "Kethua01", "Kethua01.csproj", "{6E171FB3-D5A2-4CF9-A468-26B2A870FBA1}"
EndProject
Global
	GlobalSection(SolutionConfigurationPlatforms) = preSolution
		Debug|Any CPU = Debug|Any CPU
		Release|Any CPU = Release|Any CPU
	EndGlobalSection
	GlobalSection(ProjectConfigurationPlatforms) = postSolution
		{6E171FB3-D5A2-4CF9-A468-26B2A870FBA1}.Debug|Any CPU.ActiveCfg = Debug|Any CPU
		{6E171FB3-D5A2-4CF9-A468-26B2A870FBA1}.Debug|Any CPU.Build.0 = Debug|Any CPU
		{6E171FB3-D5A2-4CF9-A468-26B2A870FBA1}.Release|Any CPU.ActiveCfg = Release|Any CPU
		{6E171FB3-D5A2-4CF9-A468-26B2A870FBA1}.Release|Any CPU.Build.0 = Release|Any CPU
	EndGlobalSection
	GlobalSection(SolutionProperties) = preSolution
		HideSolutionNode = FALSE
	EndGlobalSection
	GlobalSection(ExtensibilityGlobals) = postSolution
		SolutionGuid = {275A4B26-0BA8-4819-96D6-035064E97AE8}
	EndGlobalSection
EndGlobal
