
Microsoft Visual Studio Solution File, Format Version 12.00
# Visual Studio Version 17
VisualStudioVersion = 17.13.35806.99 d17.13
MinimumVisualStudioVersion = 10.0.40219.1
Project("{FAE04EC0-301F-11D3-BF4B-00C04F79EFBC}") = "Baitaptailop02", "Baitaptailop02.csproj", "{607518A2-A564-40AD-AF23-B9C35CC168FF}"
EndProject
Global
	GlobalSection(SolutionConfigurationPlatforms) = preSolution
		Debug|Any CPU = Debug|Any CPU
		Release|Any CPU = Release|Any CPU
	EndGlobalSection
	GlobalSection(ProjectConfigurationPlatforms) = postSolution
		{607518A2-A564-40AD-AF23-B9C35CC168FF}.Debug|Any CPU.ActiveCfg = Debug|Any CPU
		{607518A2-A564-40AD-AF23-B9C35CC168FF}.Debug|Any CPU.Build.0 = Debug|Any CPU
		{607518A2-A564-40AD-AF23-B9C35CC168FF}.Release|Any CPU.ActiveCfg = Release|Any CPU
		{607518A2-A564-40AD-AF23-B9C35CC168FF}.Release|Any CPU.Build.0 = Release|Any CPU
	EndGlobalSection
	GlobalSection(SolutionProperties) = preSolution
		HideSolutionNode = FALSE
	EndGlobalSection
	GlobalSection(ExtensibilityGlobals) = postSolution
		SolutionGuid = {133C813F-5331-4C5F-A09C-FB0206D01312}
	EndGlobalSection
EndGlobal
