
Microsoft Visual Studio Solution File, Format Version 12.00
# Visual Studio Version 17
VisualStudioVersion = 17.13.35806.99 d17.13
MinimumVisualStudioVersion = 10.0.40219.1
Project("{FAE04EC0-301F-11D3-BF4B-00C04F79EFBC}") = "Baitaptailop03", "Baitaptailop03.csproj", "{38C73A39-32C5-4DBC-A5D4-7DA32F6787A5}"
EndProject
Global
	GlobalSection(SolutionConfigurationPlatforms) = preSolution
		Debug|Any CPU = Debug|Any CPU
		Release|Any CPU = Release|Any CPU
	EndGlobalSection
	GlobalSection(ProjectConfigurationPlatforms) = postSolution
		{38C73A39-32C5-4DBC-A5D4-7DA32F6787A5}.Debug|Any CPU.ActiveCfg = Debug|Any CPU
		{38C73A39-32C5-4DBC-A5D4-7DA32F6787A5}.Debug|Any CPU.Build.0 = Debug|Any CPU
		{38C73A39-32C5-4DBC-A5D4-7DA32F6787A5}.Release|Any CPU.ActiveCfg = Release|Any CPU
		{38C73A39-32C5-4DBC-A5D4-7DA32F6787A5}.Release|Any CPU.Build.0 = Release|Any CPU
	EndGlobalSection
	GlobalSection(SolutionProperties) = preSolution
		HideSolutionNode = FALSE
	EndGlobalSection
	GlobalSection(ExtensibilityGlobals) = postSolution
		SolutionGuid = {1B6A3DDB-6858-4C76-9232-753242A941ED}
	EndGlobalSection
EndGlobal
